
Microsoft Visual Studio Solution File, Format Version 12.00
# Visual Studio Version 16
VisualStudioVersion = 16.0.31624.102
MinimumVisualStudioVersion = 10.0.40219.1
Project("{2150E333-8FDC-42A3-9474-1A3956D46DE8}") = "Common", "Common", "{6B1B54E2-AA4F-47D4-9692-A939B45E80AF}"
EndProject
Project("{2150E333-8FDC-42A3-9474-1A3956D46DE8}") = "Services", "Services", "{DADD5081-4FD1-4FCA-8D9D-5BC937461455}"
EndProject
Project("{2150E333-8FDC-42A3-9474-1A3956D46DE8}") = "UI", "UI", "{0E96E131-78ED-4132-A695-94A6B5BBF1F6}"
EndProject
Project("{9A19103F-16F7-4668-BE54-9A1E7A4F7556}") = "WebStore.Domain", "Common\WebStore.Domain\WebStore.Domain.csproj", "{323A7E72-0F0B-4FA8-9F9E-8FE234AB2C82}"
EndProject
Project("{2150E333-8FDC-42A3-9474-1A3956D46DE8}") = "Data", "Data", "{09B6E13E-7B76-4A62-B2B2-BC8C3170FF84}"
EndProject
Project("{9A19103F-16F7-4668-BE54-9A1E7A4F7556}") = "WebStore.DAL", "Data\WebStore.DAL\WebStore.DAL.csproj", "{F5D55473-0DFE-4D76-853B-68B9A67A74D7}"
EndProject
Project("{9A19103F-16F7-4668-BE54-9A1E7A4F7556}") = "WebStore.DAL.Sqlite", "Data\WebStore.DAL.Sqlite\WebStore.DAL.Sqlite.csproj", "{42DFABAD-9550-43D3-BF83-55FBE777F229}"
EndProject
Project("{9A19103F-16F7-4668-BE54-9A1E7A4F7556}") = "WebStore", "UI\WebStore\WebStore.csproj", "{7CEFEA82-D814-4E48-AF97-027287842115}"
EndProject
Project("{9A19103F-16F7-4668-BE54-9A1E7A4F7556}") = "WebStore.Interfaces", "Services\WebStore.Interfaces\WebStore.Interfaces.csproj", "{24940479-A5EE-471B-BDF8-211841A76AF9}"
EndProject
Project("{9A19103F-16F7-4668-BE54-9A1E7A4F7556}") = "WebStore.Services", "Services\WebStore.Services\WebStore.Services.csproj", "{401E55C7-AC36-4170-8182-FB8B76497DEC}"
EndProject
Project("{9A19103F-16F7-4668-BE54-9A1E7A4F7556}") = "WebStore.WebAPI", "Services\WebStore.WebAPI\WebStore.WebAPI.csproj", "{2889C75C-1D6B-4D16-AD86-3DC8F53333D8}"
EndProject
Project("{9A19103F-16F7-4668-BE54-9A1E7A4F7556}") = "WebStore.WebAPI.Clients", "Services\WebStore.WebAPI.Clients\WebStore.WebAPI.Clients.csproj", "{731C182E-45AD-4863-BF8B-BE416C196F59}"
EndProject
Project("{2150E333-8FDC-42A3-9474-1A3956D46DE8}") = "Tests", "Tests", "{882BE3F3-3492-4E4F-85CD-2667EE9A3327}"
EndProject
Project("{9A19103F-16F7-4668-BE54-9A1E7A4F7556}") = "WebStore.TestConsole", "Tests\WebStore.TestConsole\WebStore.TestConsole.csproj", "{F27D7F1D-D27D-49BC-A273-BFCC4C4C2F0C}"
EndProject
Project("{9A19103F-16F7-4668-BE54-9A1E7A4F7556}") = "WebStore.Logger", "Common\WebStore.Logger\WebStore.Logger.csproj", "{F7EC74C6-3E12-42EA-AC7D-DE06A4865141}"
EndProject
Project("{9A19103F-16F7-4668-BE54-9A1E7A4F7556}") = "WebStore.Tests", "Tests\WebStore.Tests\WebStore.Tests.csproj", "{3A3F7E66-FA0F-47FD-9607-7998DDB8BDA1}"
EndProject
Project("{9A19103F-16F7-4668-BE54-9A1E7A4F7556}") = "WebStore.Services.Tests", "Tests\WebStore.Services.Tests\WebStore.Services.Tests.csproj", "{603CF98D-EAAE-4CCC-8901-12CF187B7848}"
EndProject
Project("{9A19103F-16F7-4668-BE54-9A1E7A4F7556}") = "WebStore.WebAPI.Tests", "Tests\WebStore.WebAPI.Tests\WebStore.WebAPI.Tests.csproj", "{88BA0433-7CD3-476D-A675-CD69C27A211C}"
EndProject
Project("{FAE04EC0-301F-11D3-BF4B-00C04F79EFBC}") = "WebStore.BlazorUI", "UI\WebStore.BlazorUI\WebStore.BlazorUI.csproj", "{1F9268EF-03A6-4A10-9CC4-6196A1A70693}"
EndProject
Global
	GlobalSection(SolutionConfigurationPlatforms) = preSolution
		Debug|Any CPU = Debug|Any CPU
		Release|Any CPU = Release|Any CPU
	EndGlobalSection
	GlobalSection(ProjectConfigurationPlatforms) = postSolution
		{323A7E72-0F0B-4FA8-9F9E-8FE234AB2C82}.Debug|Any CPU.ActiveCfg = Debug|Any CPU
		{323A7E72-0F0B-4FA8-9F9E-8FE234AB2C82}.Debug|Any CPU.Build.0 = Debug|Any CPU
		{323A7E72-0F0B-4FA8-9F9E-8FE234AB2C82}.Release|Any CPU.ActiveCfg = Release|Any CPU
		{323A7E72-0F0B-4FA8-9F9E-8FE234AB2C82}.Release|Any CPU.Build.0 = Release|Any CPU
		{F5D55473-0DFE-4D76-853B-68B9A67A74D7}.Debug|Any CPU.ActiveCfg = Debug|Any CPU
		{F5D55473-0DFE-4D76-853B-68B9A67A74D7}.Debug|Any CPU.Build.0 = Debug|Any CPU
		{F5D55473-0DFE-4D76-853B-68B9A67A74D7}.Release|Any CPU.ActiveCfg = Release|Any CPU
		{F5D55473-0DFE-4D76-853B-68B9A67A74D7}.Release|Any CPU.Build.0 = Release|Any CPU
		{42DFABAD-9550-43D3-BF83-55FBE777F229}.Debug|Any CPU.ActiveCfg = Debug|Any CPU
		{42DFABAD-9550-43D3-BF83-55FBE777F229}.Debug|Any CPU.Build.0 = Debug|Any CPU
		{42DFABAD-9550-43D3-BF83-55FBE777F229}.Release|Any CPU.ActiveCfg = Release|Any CPU
		{42DFABAD-9550-43D3-BF83-55FBE777F229}.Release|Any CPU.Build.0 = Release|Any CPU
		{7CEFEA82-D814-4E48-AF97-027287842115}.Debug|Any CPU.ActiveCfg = Debug|Any CPU
		{7CEFEA82-D814-4E48-AF97-027287842115}.Debug|Any CPU.Build.0 = Debug|Any CPU
		{7CEFEA82-D814-4E48-AF97-027287842115}.Release|Any CPU.ActiveCfg = Release|Any CPU
		{7CEFEA82-D814-4E48-AF97-027287842115}.Release|Any CPU.Build.0 = Release|Any CPU
		{24940479-A5EE-471B-BDF8-211841A76AF9}.Debug|Any CPU.ActiveCfg = Debug|Any CPU
		{24940479-A5EE-471B-BDF8-211841A76AF9}.Debug|Any CPU.Build.0 = Debug|Any CPU
		{24940479-A5EE-471B-BDF8-211841A76AF9}.Release|Any CPU.ActiveCfg = Release|Any CPU
		{24940479-A5EE-471B-BDF8-211841A76AF9}.Release|Any CPU.Build.0 = Release|Any CPU
		{401E55C7-AC36-4170-8182-FB8B76497DEC}.Debug|Any CPU.ActiveCfg = Debug|Any CPU
		{401E55C7-AC36-4170-8182-FB8B76497DEC}.Debug|Any CPU.Build.0 = Debug|Any CPU
		{401E55C7-AC36-4170-8182-FB8B76497DEC}.Release|Any CPU.ActiveCfg = Release|Any CPU
		{401E55C7-AC36-4170-8182-FB8B76497DEC}.Release|Any CPU.Build.0 = Release|Any CPU
		{2889C75C-1D6B-4D16-AD86-3DC8F53333D8}.Debug|Any CPU.ActiveCfg = Debug|Any CPU
		{2889C75C-1D6B-4D16-AD86-3DC8F53333D8}.Debug|Any CPU.Build.0 = Debug|Any CPU
		{2889C75C-1D6B-4D16-AD86-3DC8F53333D8}.Release|Any CPU.ActiveCfg = Release|Any CPU
		{2889C75C-1D6B-4D16-AD86-3DC8F53333D8}.Release|Any CPU.Build.0 = Release|Any CPU
		{731C182E-45AD-4863-BF8B-BE416C196F59}.Debug|Any CPU.ActiveCfg = Debug|Any CPU
		{731C182E-45AD-4863-BF8B-BE416C196F59}.Debug|Any CPU.Build.0 = Debug|Any CPU
		{731C182E-45AD-4863-BF8B-BE416C196F59}.Release|Any CPU.ActiveCfg = Release|Any CPU
		{731C182E-45AD-4863-BF8B-BE416C196F59}.Release|Any CPU.Build.0 = Release|Any CPU
		{F27D7F1D-D27D-49BC-A273-BFCC4C4C2F0C}.Debug|Any CPU.ActiveCfg = Debug|Any CPU
		{F27D7F1D-D27D-49BC-A273-BFCC4C4C2F0C}.Debug|Any CPU.Build.0 = Debug|Any CPU
		{F27D7F1D-D27D-49BC-A273-BFCC4C4C2F0C}.Release|Any CPU.ActiveCfg = Release|Any CPU
		{F27D7F1D-D27D-49BC-A273-BFCC4C4C2F0C}.Release|Any CPU.Build.0 = Release|Any CPU
		{F7EC74C6-3E12-42EA-AC7D-DE06A4865141}.Debug|Any CPU.ActiveCfg = Debug|Any CPU
		{F7EC74C6-3E12-42EA-AC7D-DE06A4865141}.Debug|Any CPU.Build.0 = Debug|Any CPU
		{F7EC74C6-3E12-42EA-AC7D-DE06A4865141}.Release|Any CPU.ActiveCfg = Release|Any CPU
		{F7EC74C6-3E12-42EA-AC7D-DE06A4865141}.Release|Any CPU.Build.0 = Release|Any CPU
		{3A3F7E66-FA0F-47FD-9607-7998DDB8BDA1}.Debug|Any CPU.ActiveCfg = Debug|Any CPU
		{3A3F7E66-FA0F-47FD-9607-7998DDB8BDA1}.Debug|Any CPU.Build.0 = Debug|Any CPU
		{3A3F7E66-FA0F-47FD-9607-7998DDB8BDA1}.Release|Any CPU.ActiveCfg = Release|Any CPU
		{3A3F7E66-FA0F-47FD-9607-7998DDB8BDA1}.Release|Any CPU.Build.0 = Release|Any CPU
		{603CF98D-EAAE-4CCC-8901-12CF187B7848}.Debug|Any CPU.ActiveCfg = Debug|Any CPU
		{603CF98D-EAAE-4CCC-8901-12CF187B7848}.Debug|Any CPU.Build.0 = Debug|Any CPU
		{603CF98D-EAAE-4CCC-8901-12CF187B7848}.Release|Any CPU.ActiveCfg = Release|Any CPU
		{603CF98D-EAAE-4CCC-8901-12CF187B7848}.Release|Any CPU.Build.0 = Release|Any CPU
		{88BA0433-7CD3-476D-A675-CD69C27A211C}.Debug|Any CPU.ActiveCfg = Debug|Any CPU
		{88BA0433-7CD3-476D-A675-CD69C27A211C}.Debug|Any CPU.Build.0 = Debug|Any CPU
		{88BA0433-7CD3-476D-A675-CD69C27A211C}.Release|Any CPU.ActiveCfg = Release|Any CPU
		{88BA0433-7CD3-476D-A675-CD69C27A211C}.Release|Any CPU.Build.0 = Release|Any CPU
		{1F9268EF-03A6-4A10-9CC4-6196A1A70693}.Debug|Any CPU.ActiveCfg = Debug|Any CPU
		{1F9268EF-03A6-4A10-9CC4-6196A1A70693}.Debug|Any CPU.Build.0 = Debug|Any CPU
		{1F9268EF-03A6-4A10-9CC4-6196A1A70693}.Release|Any CPU.ActiveCfg = Release|Any CPU
		{1F9268EF-03A6-4A10-9CC4-6196A1A70693}.Release|Any CPU.Build.0 = Release|Any CPU
	EndGlobalSection
	GlobalSection(SolutionProperties) = preSolution
		HideSolutionNode = FALSE
	EndGlobalSection
	GlobalSection(NestedProjects) = preSolution
		{323A7E72-0F0B-4FA8-9F9E-8FE234AB2C82} = {6B1B54E2-AA4F-47D4-9692-A939B45E80AF}
		{F5D55473-0DFE-4D76-853B-68B9A67A74D7} = {09B6E13E-7B76-4A62-B2B2-BC8C3170FF84}
		{42DFABAD-9550-43D3-BF83-55FBE777F229} = {09B6E13E-7B76-4A62-B2B2-BC8C3170FF84}
		{7CEFEA82-D814-4E48-AF97-027287842115} = {0E96E131-78ED-4132-A695-94A6B5BBF1F6}
		{24940479-A5EE-471B-BDF8-211841A76AF9} = {DADD5081-4FD1-4FCA-8D9D-5BC937461455}
		{401E55C7-AC36-4170-8182-FB8B76497DEC} = {DADD5081-4FD1-4FCA-8D9D-5BC937461455}
		{2889C75C-1D6B-4D16-AD86-3DC8F53333D8} = {DADD5081-4FD1-4FCA-8D9D-5BC937461455}
		{731C182E-45AD-4863-BF8B-BE416C196F59} = {DADD5081-4FD1-4FCA-8D9D-5BC937461455}
		{F27D7F1D-D27D-49BC-A273-BFCC4C4C2F0C} = {882BE3F3-3492-4E4F-85CD-2667EE9A3327}
		{F7EC74C6-3E12-42EA-AC7D-DE06A4865141} = {6B1B54E2-AA4F-47D4-9692-A939B45E80AF}
		{3A3F7E66-FA0F-47FD-9607-7998DDB8BDA1} = {882BE3F3-3492-4E4F-85CD-2667EE9A3327}
		{603CF98D-EAAE-4CCC-8901-12CF187B7848} = {882BE3F3-3492-4E4F-85CD-2667EE9A3327}
		{88BA0433-7CD3-476D-A675-CD69C27A211C} = {882BE3F3-3492-4E4F-85CD-2667EE9A3327}
		{1F9268EF-03A6-4A10-9CC4-6196A1A70693} = {0E96E131-78ED-4132-A695-94A6B5BBF1F6}
	EndGlobalSection
	GlobalSection(ExtensibilityGlobals) = postSolution
		SolutionGuid = {F678ED1A-FDDF-482F-A0B5-916509303047}
	EndGlobalSection
EndGlobal
