
Microsoft Visual Studio Solution File, Format Version 12.00
# Visual Studio Version 16
VisualStudioVersion = 16.0.31624.102
MinimumVisualStudioVersion = 10.0.40219.1
Project("{9A19103F-16F7-4668-BE54-9A1E7A4F7556}") = "WebStore", "WebStore\WebStore.csproj", "{880A01FA-1000-4AD9-9719-682FE959F954}"
EndProject
Project("{9A19103F-16F7-4668-BE54-9A1E7A4F7556}") = "WebStore.Domain", "WebStore.Domain\WebStore.Domain.csproj", "{2C5C64B5-239F-4F2B-8EAB-429D44E46467}"
EndProject
Project("{FAE04EC0-301F-11D3-BF4B-00C04F79EFBC}") = "WebStore.DAL", "WebStore.DAL\WebStore.DAL.csproj", "{EEE9B943-4871-4687-978B-80CF881E2395}"
EndProject
Global
	GlobalSection(SolutionConfigurationPlatforms) = preSolution
		Debug|Any CPU = Debug|Any CPU
		Release|Any CPU = Release|Any CPU
	EndGlobalSection
	GlobalSection(ProjectConfigurationPlatforms) = postSolution
		{880A01FA-1000-4AD9-9719-682FE959F954}.Debug|Any CPU.ActiveCfg = Debug|Any CPU
		{880A01FA-1000-4AD9-9719-682FE959F954}.Debug|Any CPU.Build.0 = Debug|Any CPU
		{880A01FA-1000-4AD9-9719-682FE959F954}.Release|Any CPU.ActiveCfg = Release|Any CPU
		{880A01FA-1000-4AD9-9719-682FE959F954}.Release|Any CPU.Build.0 = Release|Any CPU
		{2C5C64B5-239F-4F2B-8EAB-429D44E46467}.Debug|Any CPU.ActiveCfg = Debug|Any CPU
		{2C5C64B5-239F-4F2B-8EAB-429D44E46467}.Debug|Any CPU.Build.0 = Debug|Any CPU
		{2C5C64B5-239F-4F2B-8EAB-429D44E46467}.Release|Any CPU.ActiveCfg = Release|Any CPU
		{2C5C64B5-239F-4F2B-8EAB-429D44E46467}.Release|Any CPU.Build.0 = Release|Any CPU
		{EEE9B943-4871-4687-978B-80CF881E2395}.Debug|Any CPU.ActiveCfg = Debug|Any CPU
		{EEE9B943-4871-4687-978B-80CF881E2395}.Debug|Any CPU.Build.0 = Debug|Any CPU
		{EEE9B943-4871-4687-978B-80CF881E2395}.Release|Any CPU.ActiveCfg = Release|Any CPU
		{EEE9B943-4871-4687-978B-80CF881E2395}.Release|Any CPU.Build.0 = Release|Any CPU
	EndGlobalSection
	GlobalSection(SolutionProperties) = preSolution
		HideSolutionNode = FALSE
	EndGlobalSection
	GlobalSection(ExtensibilityGlobals) = postSolution
		SolutionGuid = {F678ED1A-FDDF-482F-A0B5-916509303047}
	EndGlobalSection
EndGlobal
